
Microsoft Visual Studio Solution File, Format Version 12.00
# Visual Studio Version 17
VisualStudioVersion = 17.7.34018.315
MinimumVisualStudioVersion = 10.0.40219.1
Project("{FAE04EC0-301F-11D3-BF4B-00C04F79EFBC}") = "WebApplication1", "WebApplication1\WebApplication1.csproj", "{2D6309FC-1870-4734-9485-AFBAC19B323F}"
EndProject
Project("{FAE04EC0-301F-11D3-BF4B-00C04F79EFBC}") = "WebApplication1.Infrastructure", "WebApplication1.Infrastructure\WebApplication1.Infrastructure.csproj", "{BC2552F0-06F7-481D-9174-82D4F9FCEDED}"
EndProject
Project("{2150E333-8FDC-42A3-9474-1A3956D46DE8}") = "Solution Items", "Solution Items", "{5811735C-B9E5-43F4-B14E-FA8E370EA282}"
	ProjectSection(SolutionItems) = preProject
		databases\DBScripts.sql = databases\DBScripts.sql
		ReadMe.md = ReadMe.md
	EndProjectSection
EndProject
Project("{FAE04EC0-301F-11D3-BF4B-00C04F79EFBC}") = "WebApplication1.ConsoleApp", "WebApplication1.ConsoleApp\WebApplication1.ConsoleApp.csproj", "{D1A432DD-62B9-4509-A087-8782DCFA29E7}"
EndProject
Project("{FAE04EC0-301F-11D3-BF4B-00C04F79EFBC}") = "WebApplication1.Business", "WebApplication1.Business\WebApplication1.Business.csproj", "{E13BF19A-2986-4D3A-A60C-B73732F4472D}"
EndProject
Project("{FAE04EC0-301F-11D3-BF4B-00C04F79EFBC}") = "WebApplication1.DataAccess", "WebApplication1.DataAccess\WebApplication1.DataAccess.csproj", "{4C19EF1B-3C78-46BB-A880-F5F08E36AE17}"
EndProject
Project("{FAE04EC0-301F-11D3-BF4B-00C04F79EFBC}") = "WebApplication1.DTO", "WebApplication1.DTO\WebApplication1.DTO.csproj", "{6A816965-0AEB-4551-B0E3-6913A853C0D0}"
EndProject
Global
	GlobalSection(SolutionConfigurationPlatforms) = preSolution
		Debug|Any CPU = Debug|Any CPU
		Release|Any CPU = Release|Any CPU
	EndGlobalSection
	GlobalSection(ProjectConfigurationPlatforms) = postSolution
		{2D6309FC-1870-4734-9485-AFBAC19B323F}.Debug|Any CPU.ActiveCfg = Debug|Any CPU
		{2D6309FC-1870-4734-9485-AFBAC19B323F}.Debug|Any CPU.Build.0 = Debug|Any CPU
		{2D6309FC-1870-4734-9485-AFBAC19B323F}.Release|Any CPU.ActiveCfg = Release|Any CPU
		{2D6309FC-1870-4734-9485-AFBAC19B323F}.Release|Any CPU.Build.0 = Release|Any CPU
		{BC2552F0-06F7-481D-9174-82D4F9FCEDED}.Debug|Any CPU.ActiveCfg = Debug|Any CPU
		{BC2552F0-06F7-481D-9174-82D4F9FCEDED}.Debug|Any CPU.Build.0 = Debug|Any CPU
		{BC2552F0-06F7-481D-9174-82D4F9FCEDED}.Release|Any CPU.ActiveCfg = Release|Any CPU
		{BC2552F0-06F7-481D-9174-82D4F9FCEDED}.Release|Any CPU.Build.0 = Release|Any CPU
		{D1A432DD-62B9-4509-A087-8782DCFA29E7}.Debug|Any CPU.ActiveCfg = Debug|Any CPU
		{D1A432DD-62B9-4509-A087-8782DCFA29E7}.Debug|Any CPU.Build.0 = Debug|Any CPU
		{D1A432DD-62B9-4509-A087-8782DCFA29E7}.Release|Any CPU.ActiveCfg = Release|Any CPU
		{D1A432DD-62B9-4509-A087-8782DCFA29E7}.Release|Any CPU.Build.0 = Release|Any CPU
		{E13BF19A-2986-4D3A-A60C-B73732F4472D}.Debug|Any CPU.ActiveCfg = Debug|Any CPU
		{E13BF19A-2986-4D3A-A60C-B73732F4472D}.Debug|Any CPU.Build.0 = Debug|Any CPU
		{E13BF19A-2986-4D3A-A60C-B73732F4472D}.Release|Any CPU.ActiveCfg = Release|Any CPU
		{E13BF19A-2986-4D3A-A60C-B73732F4472D}.Release|Any CPU.Build.0 = Release|Any CPU
		{4C19EF1B-3C78-46BB-A880-F5F08E36AE17}.Debug|Any CPU.ActiveCfg = Debug|Any CPU
		{4C19EF1B-3C78-46BB-A880-F5F08E36AE17}.Debug|Any CPU.Build.0 = Debug|Any CPU
		{4C19EF1B-3C78-46BB-A880-F5F08E36AE17}.Release|Any CPU.ActiveCfg = Release|Any CPU
		{4C19EF1B-3C78-46BB-A880-F5F08E36AE17}.Release|Any CPU.Build.0 = Release|Any CPU
		{6A816965-0AEB-4551-B0E3-6913A853C0D0}.Debug|Any CPU.ActiveCfg = Debug|Any CPU
		{6A816965-0AEB-4551-B0E3-6913A853C0D0}.Debug|Any CPU.Build.0 = Debug|Any CPU
		{6A816965-0AEB-4551-B0E3-6913A853C0D0}.Release|Any CPU.ActiveCfg = Release|Any CPU
		{6A816965-0AEB-4551-B0E3-6913A853C0D0}.Release|Any CPU.Build.0 = Release|Any CPU
	EndGlobalSection
	GlobalSection(SolutionProperties) = preSolution
		HideSolutionNode = FALSE
	EndGlobalSection
	GlobalSection(ExtensibilityGlobals) = postSolution
		SolutionGuid = {AD17EAB5-AC47-4AB8-976A-9464A0A03790}
	EndGlobalSection
EndGlobal
